:root {
  --sand: #F7F4EE;
  --sand-dark: #EDE9E0;
  --sand-border: #DDD8CC;
  --ink: #1C1A16;
  --ink-mid: #4A4640;
  --ink-light: #8A857C;
  --sun: #E8863A;
  --sun-light: #F5C896;
  --sun-pale: #FDF0E4;
  --ocean: #2E6E8E;
  --ocean-light: #A8CEDD;
  --ocean-pale: #EAF4F8;
  --sage: #5C7A5A;
  --sage-pale: #EAF0E9;
  --rose: #C45A5A;
  --rose-pale: #F8EDED;

  --font-display: 'DM Serif Display', Georgia, serif;
  --font-body: 'DM Sans', system-ui, sans-serif;

  --radius-sm: 6px;
  --radius-md: 12px;
  --radius-lg: 20px;

  --shadow-sm: 0 1px 3px rgba(28,26,22,0.08), 0 1px 2px rgba(28,26,22,0.05);
  --shadow-md: 0 4px 12px rgba(28,26,22,0.10), 0 2px 4px rgba(28,26,22,0.06);
  --shadow-lg: 0 16px 40px rgba(28,26,22,0.14), 0 4px 12px rgba(28,26,22,0.08);
}

*, *::before, *::after { box-sizing: border-box; margin: 0; padding: 0; }

body {
  font-family: var(--font-body);
  background: var(--sand);
  color: var(--ink);
  min-height: 100vh;
  -webkit-font-smoothing: antialiased;
}

.app-root {
  display: flex;
  flex-direction: column;
  height: 100vh;
  overflow: hidden;
}

.app-body {
  display: flex;
  flex: 1;
  overflow: hidden;
}

/* ── Scrollbar ── */
::-webkit-scrollbar { width: 6px; height: 6px; }
::-webkit-scrollbar-track { background: transparent; }
::-webkit-scrollbar-thumb { background: var(--sand-border); border-radius: 99px; }

/* ── Buttons ── */
.btn {
  display: inline-flex;
  align-items: center;
  gap: 6px;
  padding: 8px 16px;
  border-radius: var(--radius-sm);
  font-family: var(--font-body);
  font-size: 13px;
  font-weight: 500;
  cursor: pointer;
  border: none;
  transition: all 0.15s ease;
  white-space: nowrap;
}
.btn-primary {
  background: var(--sun);
  color: white;
}
.btn-primary:hover { background: #D4752F; transform: translateY(-1px); box-shadow: var(--shadow-sm); }
.btn-ghost {
  background: transparent;
  color: var(--ink-mid);
  border: 1.5px solid var(--sand-border);
}
.btn-ghost:hover { background: var(--sand-dark); border-color: var(--ink-light); }
.btn-ocean {
  background: var(--ocean);
  color: white;
}
.btn-ocean:hover { background: #245d78; transform: translateY(-1px); box-shadow: var(--shadow-sm); }
.btn-sm { padding: 5px 10px; font-size: 12px; }
.btn-icon {
  padding: 6px;
  background: transparent;
  border: none;
  cursor: pointer;
  border-radius: var(--radius-sm);
  color: var(--ink-light);
  display: inline-flex;
  align-items: center;
  transition: all 0.15s;
}
.btn-icon:hover { background: var(--sand-dark); color: var(--ink); }

/* ── Inputs ── */
input, textarea, select {
  font-family: var(--font-body);
  font-size: 13px;
  color: var(--ink);
  background: white;
  border: 1.5px solid var(--sand-border);
  border-radius: var(--radius-sm);
  padding: 8px 12px;
  outline: none;
  transition: border-color 0.15s;
  width: 100%;
}
input:focus, textarea:focus, select:focus {
  border-color: var(--sun);
  box-shadow: 0 0 0 3px rgba(232,134,58,0.12);
}
textarea { resize: vertical; min-height: 80px; }

label {
  font-size: 12px;
  font-weight: 500;
  color: var(--ink-mid);
  display: block;
  margin-bottom: 4px;
  letter-spacing: 0.02em;
  text-transform: uppercase;
}

.form-group { display: flex; flex-direction: column; gap: 4px; margin-bottom: 14px; }

/* ── Modal ── */
.modal-overlay {
  position: fixed; inset: 0;
  background: rgba(28,26,22,0.45);
  backdrop-filter: blur(4px);
  display: flex; align-items: center; justify-content: center;
  z-index: 1000;
  padding: 20px;
}
.modal {
  background: white;
  border-radius: var(--radius-lg);
  box-shadow: var(--shadow-lg);
  width: 100%;
  max-width: 560px;
  max-height: 90vh;
  overflow-y: auto;
  animation: slideUp 0.2s ease;
}
.modal-wide { max-width: 740px; }
.modal-header {
  display: flex;
  align-items: center;
  justify-content: space-between;
  padding: 20px 24px 16px;
  border-bottom: 1.5px solid var(--sand-border);
  position: sticky; top: 0; background: white; z-index: 1;
  border-radius: var(--radius-lg) var(--radius-lg) 0 0;
}
.modal-header h2 {
  font-family: var(--font-display);
  font-size: 20px;
  font-weight: 400;
  color: var(--ink);
}
.modal-body { padding: 20px 24px 24px; }
.modal-footer {
  display: flex; justify-content: flex-end; gap: 8px;
  padding: 14px 24px;
  border-top: 1.5px solid var(--sand-border);
  position: sticky; bottom: 0; background: white;
  border-radius: 0 0 var(--radius-lg) var(--radius-lg);
}

@keyframes slideUp {
  from { opacity: 0; transform: translateY(12px); }
  to { opacity: 1; transform: translateY(0); }
}

/* ── Tags ── */
.tag {
  display: inline-flex; align-items: center; gap: 4px;
  padding: 3px 10px;
  border-radius: 99px;
  font-size: 11px;
  font-weight: 500;
}
.tag-category { background: var(--ocean-pale); color: var(--ocean); }
.tag-sun { background: var(--sun-pale); color: var(--sun); }
.tag-sage { background: var(--sage-pale); color: var(--sage); }
.tag-rose { background: var(--rose-pale); color: var(--rose); }

/* ── Stars ── */
.stars { display: flex; gap: 2px; color: var(--sun); font-size: 13px; }
.stars .empty { color: var(--sand-border); }

/* ── Chip input ── */
.chip-input-container {
  display: flex; flex-wrap: wrap; gap: 6px;
  padding: 6px 8px;
  border: 1.5px solid var(--sand-border);
  border-radius: var(--radius-sm);
  background: white;
  min-height: 40px;
  cursor: text;
}
.chip-input-container:focus-within { border-color: var(--sun); box-shadow: 0 0 0 3px rgba(232,134,58,0.12); }
.chip {
  display: inline-flex; align-items: center; gap: 4px;
  background: var(--sun-pale); color: var(--sun);
  border-radius: 99px; padding: 2px 8px;
  font-size: 12px; font-weight: 500;
}
.chip button { background: none; border: none; cursor: pointer; color: var(--sun); padding: 0; font-size: 14px; line-height: 1; display: flex; }
.chip-input { border: none; outline: none; background: transparent; font-family: var(--font-body); font-size: 13px; flex: 1; min-width: 100px; padding: 2px 4px; }

/* ── Toggle ── */
.toggle-row {
  display: flex; align-items: center; justify-content: space-between;
  padding: 10px 0;
  border-bottom: 1px solid var(--sand-border);
}
.toggle-row:last-child { border-bottom: none; }
.toggle {
  position: relative; width: 40px; height: 22px;
}
.toggle input { opacity: 0; width: 0; height: 0; }
.toggle-slider {
  position: absolute; inset: 0;
  background: var(--sand-border);
  border-radius: 99px;
  cursor: pointer;
  transition: background 0.2s;
}
.toggle-slider::before {
  content: ''; position: absolute;
  height: 16px; width: 16px;
  left: 3px; bottom: 3px;
  background: white;
  border-radius: 50%;
  transition: transform 0.2s;
  box-shadow: var(--shadow-sm);
}
.toggle input:checked + .toggle-slider { background: var(--sun); }
.toggle input:checked + .toggle-slider::before { transform: translateX(18px); }

/* ── Empty state ── */
.empty-state {
  display: flex; flex-direction: column; align-items: center; justify-content: center;
  gap: 10px; padding: 40px 20px;
  text-align: center;
}
.empty-state-icon { font-size: 40px; opacity: 0.4; }
.empty-state p { color: var(--ink-light); font-size: 13px; max-width: 220px; }
